
Microsoft Visual Studio Solution File, Format Version 12.00
# Visual Studio Version 17
VisualStudioVersion = 17.11.35327.3
MinimumVisualStudioVersion = 10.0.40219.1
Project("{54A90642-561A-4BB1-A94E-469ADEE60C69}") = "Front", "Front\Front.esproj", "{9CC1E3C6-E845-4D56-A8C0-B2F37EF23AC1}"
EndProject
Global
	GlobalSection(SolutionConfigurationPlatforms) = preSolution
		Debug|Any CPU = Debug|Any CPU
		Release|Any CPU = Release|Any CPU
	EndGlobalSection
	GlobalSection(ProjectConfigurationPlatforms) = postSolution
		{9CC1E3C6-E845-4D56-A8C0-B2F37EF23AC1}.Debug|Any CPU.ActiveCfg = Debug|Any CPU
		{9CC1E3C6-E845-4D56-A8C0-B2F37EF23AC1}.Debug|Any CPU.Build.0 = Debug|Any CPU
		{9CC1E3C6-E845-4D56-A8C0-B2F37EF23AC1}.Debug|Any CPU.Deploy.0 = Debug|Any CPU
		{9CC1E3C6-E845-4D56-A8C0-B2F37EF23AC1}.Release|Any CPU.ActiveCfg = Release|Any CPU
		{9CC1E3C6-E845-4D56-A8C0-B2F37EF23AC1}.Release|Any CPU.Build.0 = Release|Any CPU
		{9CC1E3C6-E845-4D56-A8C0-B2F37EF23AC1}.Release|Any CPU.Deploy.0 = Release|Any CPU
	EndGlobalSection
	GlobalSection(SolutionProperties) = preSolution
		HideSolutionNode = FALSE
	EndGlobalSection
	GlobalSection(ExtensibilityGlobals) = postSolution
		SolutionGuid = {418138AA-9AD6-420D-9399-6C8AD624A2A3}
	EndGlobalSection
EndGlobal
