
Microsoft Visual Studio Solution File, Format Version 12.00
# Visual Studio Version 17
VisualStudioVersion = 17.0.31903.59
MinimumVisualStudioVersion = 10.0.40219.1
Project("{54A90642-561A-4BB1-A94E-469ADEE60C69}") = "Front", "WebClient\Front\Front.esproj", "{4583879B-5172-4D64-8F35-820DA28D0C64}"
EndProject
Project("{FAE04EC0-301F-11D3-BF4B-00C04F79EFBC}") = "FeedUploader.Data", "FeedUploader.Data\FeedUploader.Data.csproj", "{02768D97-03FF-4164-A276-B631C67EDB1A}"
EndProject
Project("{FAE04EC0-301F-11D3-BF4B-00C04F79EFBC}") = "AIParser", "AIParser\AIParser.csproj", "{CBFCDFA5-6536-1598-2B94-8692BAF7578F}"
	ProjectSection(ProjectDependencies) = postProject
		{02768D97-03FF-4164-A276-B631C67EDB1A} = {02768D97-03FF-4164-A276-B631C67EDB1A}
	EndProjectSection
EndProject
Global
	GlobalSection(SolutionConfigurationPlatforms) = preSolution
		Debug|Any CPU = Debug|Any CPU
		Release|Any CPU = Release|Any CPU
	EndGlobalSection
	GlobalSection(ProjectConfigurationPlatforms) = postSolution
		{4583879B-5172-4D64-8F35-820DA28D0C64}.Debug|Any CPU.ActiveCfg = Debug|Any CPU
		{4583879B-5172-4D64-8F35-820DA28D0C64}.Debug|Any CPU.Build.0 = Debug|Any CPU
		{4583879B-5172-4D64-8F35-820DA28D0C64}.Debug|Any CPU.Deploy.0 = Debug|Any CPU
		{4583879B-5172-4D64-8F35-820DA28D0C64}.Release|Any CPU.ActiveCfg = Release|Any CPU
		{4583879B-5172-4D64-8F35-820DA28D0C64}.Release|Any CPU.Build.0 = Release|Any CPU
		{4583879B-5172-4D64-8F35-820DA28D0C64}.Release|Any CPU.Deploy.0 = Release|Any CPU
		{02768D97-03FF-4164-A276-B631C67EDB1A}.Debug|Any CPU.ActiveCfg = Debug|Any CPU
		{02768D97-03FF-4164-A276-B631C67EDB1A}.Debug|Any CPU.Build.0 = Debug|Any CPU
		{02768D97-03FF-4164-A276-B631C67EDB1A}.Release|Any CPU.ActiveCfg = Release|Any CPU
		{02768D97-03FF-4164-A276-B631C67EDB1A}.Release|Any CPU.Build.0 = Release|Any CPU
		{CBFCDFA5-6536-1598-2B94-8692BAF7578F}.Debug|Any CPU.ActiveCfg = Debug|Any CPU
		{CBFCDFA5-6536-1598-2B94-8692BAF7578F}.Debug|Any CPU.Build.0 = Debug|Any CPU
		{CBFCDFA5-6536-1598-2B94-8692BAF7578F}.Release|Any CPU.ActiveCfg = Release|Any CPU
		{CBFCDFA5-6536-1598-2B94-8692BAF7578F}.Release|Any CPU.Build.0 = Release|Any CPU
	EndGlobalSection
	GlobalSection(SolutionProperties) = preSolution
		HideSolutionNode = FALSE
	EndGlobalSection
	GlobalSection(ExtensibilityGlobals) = postSolution
		SolutionGuid = {DE871011-B296-46CD-B29C-346150C83FCD}
	EndGlobalSection
EndGlobal
